
Microsoft Visual Studio Solution File, Format Version 12.00
# Visual Studio Version 16
VisualStudioVersion = 16.0.30114.105
MinimumVisualStudioVersion = 10.0.40219.1
Project("{9A19103F-16F7-4668-BE54-9A1E7A4F7556}") = "FreightApp", "FreightApp\FreightApp.csproj", "{B7C77FCF-8DE2-4979-8A1A-6FEC3E72D3A6}"
EndProject
Project("{FAE04EC0-301F-11D3-BF4B-00C04F79EFBC}") = "FreightApp.Core", "FreightApp.Core\FreightApp.Core.csproj", "{349133BA-66C7-483B-A49A-5DF5BA177497}"
EndProject
Global
	GlobalSection(SolutionConfigurationPlatforms) = preSolution
		Debug|Any CPU = Debug|Any CPU
		Release|Any CPU = Release|Any CPU
	EndGlobalSection
	GlobalSection(ProjectConfigurationPlatforms) = postSolution
		{B7C77FCF-8DE2-4979-8A1A-6FEC3E72D3A6}.Debug|Any CPU.ActiveCfg = Debug|Any CPU
		{B7C77FCF-8DE2-4979-8A1A-6FEC3E72D3A6}.Debug|Any CPU.Build.0 = Debug|Any CPU
		{B7C77FCF-8DE2-4979-8A1A-6FEC3E72D3A6}.Release|Any CPU.ActiveCfg = Release|Any CPU
		{B7C77FCF-8DE2-4979-8A1A-6FEC3E72D3A6}.Release|Any CPU.Build.0 = Release|Any CPU
		{349133BA-66C7-483B-A49A-5DF5BA177497}.Debug|Any CPU.ActiveCfg = Debug|Any CPU
		{349133BA-66C7-483B-A49A-5DF5BA177497}.Debug|Any CPU.Build.0 = Debug|Any CPU
		{349133BA-66C7-483B-A49A-5DF5BA177497}.Release|Any CPU.ActiveCfg = Release|Any CPU
		{349133BA-66C7-483B-A49A-5DF5BA177497}.Release|Any CPU.Build.0 = Release|Any CPU
	EndGlobalSection
	GlobalSection(SolutionProperties) = preSolution
		HideSolutionNode = FALSE
	EndGlobalSection
	GlobalSection(ExtensibilityGlobals) = postSolution
		SolutionGuid = {9AC620DB-63BF-4A08-8F6D-AE8C557AD5A4}
	EndGlobalSection
EndGlobal
