
Microsoft Visual Studio Solution File, Format Version 12.00
# Visual Studio Version 16
VisualStudioVersion = 16.0.30114.105
MinimumVisualStudioVersion = 10.0.40219.1
Project("{FAE04EC0-301F-11D3-BF4B-00C04F79EFBC}") = "FreightMicroservice", "FreightMicroservice\FreightMicroservice.csproj", "{65DDD988-60C6-4369-A5FA-8D2121BC1650}"
EndProject
Global
	GlobalSection(SolutionConfigurationPlatforms) = preSolution
		Debug|Any CPU = Debug|Any CPU
		Release|Any CPU = Release|Any CPU
	EndGlobalSection
	GlobalSection(ProjectConfigurationPlatforms) = postSolution
		{65DDD988-60C6-4369-A5FA-8D2121BC1650}.Debug|Any CPU.ActiveCfg = Debug|Any CPU
		{65DDD988-60C6-4369-A5FA-8D2121BC1650}.Debug|Any CPU.Build.0 = Debug|Any CPU
		{65DDD988-60C6-4369-A5FA-8D2121BC1650}.Release|Any CPU.ActiveCfg = Release|Any CPU
		{65DDD988-60C6-4369-A5FA-8D2121BC1650}.Release|Any CPU.Build.0 = Release|Any CPU
	EndGlobalSection
	GlobalSection(SolutionProperties) = preSolution
		HideSolutionNode = FALSE
	EndGlobalSection
	GlobalSection(ExtensibilityGlobals) = postSolution
		SolutionGuid = {C0B4EF20-A1B9-49E2-A0EA-72B176AE578A}
	EndGlobalSection
EndGlobal
